
Microsoft Visual Studio Solution File, Format Version 12.00
# Visual Studio Version 17
VisualStudioVersion = 17.8.34330.188
MinimumVisualStudioVersion = 10.0.40219.1
Project("{9A19103F-16F7-4668-BE54-9A1E7A4F7556}") = "CoffeeShop", "CoffeeShop\CoffeeShop.csproj", "{ECB48DCF-3A1F-438E-A256-1228F0A6F378}"
EndProject
Global
	GlobalSection(SolutionConfigurationPlatforms) = preSolution
		Debug|Any CPU = Debug|Any CPU
		Release|Any CPU = Release|Any CPU
	EndGlobalSection
	GlobalSection(ProjectConfigurationPlatforms) = postSolution
		{ECB48DCF-3A1F-438E-A256-1228F0A6F378}.Debug|Any CPU.ActiveCfg = Debug|Any CPU
		{ECB48DCF-3A1F-438E-A256-1228F0A6F378}.Debug|Any CPU.Build.0 = Debug|Any CPU
		{ECB48DCF-3A1F-438E-A256-1228F0A6F378}.Debug|Any CPU.Deploy.0 = Debug|Any CPU
		{ECB48DCF-3A1F-438E-A256-1228F0A6F378}.Release|Any CPU.ActiveCfg = Release|Any CPU
		{ECB48DCF-3A1F-438E-A256-1228F0A6F378}.Release|Any CPU.Build.0 = Release|Any CPU
		{ECB48DCF-3A1F-438E-A256-1228F0A6F378}.Release|Any CPU.Deploy.0 = Release|Any CPU
	EndGlobalSection
	GlobalSection(SolutionProperties) = preSolution
		HideSolutionNode = FALSE
	EndGlobalSection
	GlobalSection(ExtensibilityGlobals) = postSolution
		SolutionGuid = {AEF9399D-7B3C-4B3B-B915-F0E1D81A4A4F}
	EndGlobalSection
EndGlobal
